// !$*UTF8*$!
{
	archiveVersion = 1;
	classes = {
	};
	objectVersion = 51;
	objects = {

/* Begin PBXBuildFile section */
		5F7D2F5DADA4AC63D43A78FF /* Pods_WeiboDemo_WeiboDemoUITests.framework in Frameworks */ = {isa = PBXBuildFile; fileRef = B19038C85678993A5EE80002 /* Pods_WeiboDemo_WeiboDemoUITests.framework */; };
		B64A60FD867565C63798394A /* Pods_WeiboDemoTests.framework in Frameworks */ = {isa = PBXBuildFile; fileRef = 0F3B4B00502744F7AEB540E3 /* Pods_WeiboDemoTests.framework */; };
		EF4A34D935FA382EDE5893E3 /* Pods_WeiboDemo.framework in Frameworks */ = {isa = PBXBuildFile; fileRef = 0FDBE6B49BA9D63C81F3BDC8 /* Pods_WeiboDemo.framework */; };
		F4DD07A7246D156600D5E452 /* WeiboListViewCell.swift in Sources */ = {isa = PBXBuildFile; fileRef = F4DD07A5246D156600D5E452 /* WeiboListViewCell.swift */; };
		F4DD07A8246D156600D5E452 /* WeiboListViewCell.xib in Resources */ = {isa = PBXBuildFile; fileRef = F4DD07A6246D156600D5E452 /* WeiboListViewCell.xib */; };
		F4DD07AB246D20DE00D5E452 /* UserWeiboListApi.swift in Sources */ = {isa = PBXBuildFile; fileRef = F4DD07AA246D20DE00D5E452 /* UserWeiboListApi.swift */; };
		F4DD07AD246D21B600D5E452 /* UserWeiboTimeLine.swift in Sources */ = {isa = PBXBuildFile; fileRef = F4DD07AC246D21B600D5E452 /* UserWeiboTimeLine.swift */; };
		F4DD07AF246D2B7800D5E452 /* UserWeiboListViewModel.swift in Sources */ = {isa = PBXBuildFile; fileRef = F4DD07AE246D2B7800D5E452 /* UserWeiboListViewModel.swift */; };
		F4DD07B8246E75C500D5E452 /* TransferImageView.swift in Sources */ = {isa = PBXBuildFile; fileRef = F4DD07B7246E75C500D5E452 /* TransferImageView.swift */; };
		F4DD07BA246E75D700D5E452 /* TransferimageView.xib in Resources */ = {isa = PBXBuildFile; fileRef = F4DD07B9246E75D700D5E452 /* TransferimageView.xib */; };
		F4EFBD0A24692E74002FE54C /* ViewController.swift in Sources */ = {isa = PBXBuildFile; fileRef = F4EFBD0824692E74002FE54C /* ViewController.swift */; };
		F4EFBD1B246A6959002FE54C /* ListViewController.swift in Sources */ = {isa = PBXBuildFile; fileRef = F4EFBD1A246A6959002FE54C /* ListViewController.swift */; };
		F4EFBD1D246A6BF2002FE54C /* UIWindow+JXSafeArea.swift in Sources */ = {isa = PBXBuildFile; fileRef = F4EFBD1C246A6BF2002FE54C /* UIWindow+JXSafeArea.swift */; };
		F4EFBD1F246A6C56002FE54C /* DetailViewController.swift in Sources */ = {isa = PBXBuildFile; fileRef = F4EFBD1E246A6C56002FE54C /* DetailViewController.swift */; };
		F4EFBD21246A71FF002FE54C /* UserProfileHeaderView.swift in Sources */ = {isa = PBXBuildFile; fileRef = F4EFBD20246A71FF002FE54C /* UserProfileHeaderView.swift */; };
		F4EFBD23246A7224002FE54C /* UserProfileHeaderView.xib in Resources */ = {isa = PBXBuildFile; fileRef = F4EFBD22246A7224002FE54C /* UserProfileHeaderView.xib */; };
		F4EFBD2A246BA21A002FE54C /* HomeViewModel.swift in Sources */ = {isa = PBXBuildFile; fileRef = F4EFBD29246BA21A002FE54C /* HomeViewModel.swift */; };
		F4EFBD2C246BAAD4002FE54C /* UserProfileApi.swift in Sources */ = {isa = PBXBuildFile; fileRef = F4EFBD2B246BAAD4002FE54C /* UserProfileApi.swift */; };
		F4EFBD2E246BAC19002FE54C /* Login.swift in Sources */ = {isa = PBXBuildFile; fileRef = F4EFBD2D246BAC19002FE54C /* Login.swift */; };
		FD8C8D2424690975004317BC /* AppDelegate.swift in Sources */ = {isa = PBXBuildFile; fileRef = FD8C8D2324690975004317BC /* AppDelegate.swift */; };
		FD8C8D2624690975004317BC /* SceneDelegate.swift in Sources */ = {isa = PBXBuildFile; fileRef = FD8C8D2524690975004317BC /* SceneDelegate.swift */; };
		FD8C8D2824690975004317BC /* HomeViewController.swift in Sources */ = {isa = PBXBuildFile; fileRef = FD8C8D2724690975004317BC /* HomeViewController.swift */; };
		FD8C8D2B24690975004317BC /* Main.storyboard in Resources */ = {isa = PBXBuildFile; fileRef = FD8C8D2924690975004317BC /* Main.storyboard */; };
		FD8C8D2D2469097C004317BC /* Assets.xcassets in Resources */ = {isa = PBXBuildFile; fileRef = FD8C8D2C2469097C004317BC /* Assets.xcassets */; };
		FD8C8D302469097C004317BC /* LaunchScreen.storyboard in Resources */ = {isa = PBXBuildFile; fileRef = FD8C8D2E2469097C004317BC /* LaunchScreen.storyboard */; };
		FD8C8D3B2469097C004317BC /* WeiboDemoTests.swift in Sources */ = {isa = PBXBuildFile; fileRef = FD8C8D3A2469097C004317BC /* WeiboDemoTests.swift */; };
		FD8C8D462469097C004317BC /* WeiboDemoUITests.swift in Sources */ = {isa = PBXBuildFile; fileRef = FD8C8D452469097C004317BC /* WeiboDemoUITests.swift */; };
		FD8C8D5824695188004317BC /* TitleView.swift in Sources */ = {isa = PBXBuildFile; fileRef = FD8C8D5724695188004317BC /* TitleView.swift */; };
		FD8C8D5A246A42D9004317BC /* FeedViewController.swift in Sources */ = {isa = PBXBuildFile; fileRef = FD8C8D59246A42D9004317BC /* FeedViewController.swift */; };
		FD8C8D68246AA7AC004317BC /* LoginManager.swift in Sources */ = {isa = PBXBuildFile; fileRef = FD8C8D67246AA7AC004317BC /* LoginManager.swift */; };
		FD8C8D6B246B99CF004317BC /* R.generated.swift in Sources */ = {isa = PBXBuildFile; fileRef = FD8C8D6A246B99CF004317BC /* R.generated.swift */; };
		FD8C8D6E246B9C4B004317BC /* TitleViewController.swift in Sources */ = {isa = PBXBuildFile; fileRef = FD8C8D6D246B9C4B004317BC /* TitleViewController.swift */; };
		FD8C8D70246B9E11004317BC /* TitleTableViewCell.swift in Sources */ = {isa = PBXBuildFile; fileRef = FD8C8D6F246B9E11004317BC /* TitleTableViewCell.swift */; };
		FD8C8D72246BE4AA004317BC /* AvatarViewController.swift in Sources */ = {isa = PBXBuildFile; fileRef = FD8C8D71246BE4AA004317BC /* AvatarViewController.swift */; };
		FD8C8D74246BE4C3004317BC /* AvatarTableViewCell.swift in Sources */ = {isa = PBXBuildFile; fileRef = FD8C8D73246BE4C3004317BC /* AvatarTableViewCell.swift */; };
		FD8C8D77246BE5FB004317BC /* UserInfo.swift in Sources */ = {isa = PBXBuildFile; fileRef = FD8C8D76246BE5FB004317BC /* UserInfo.swift */; };
/* End PBXBuildFile section */

/* Begin PBXContainerItemProxy section */
		FD8C8D372469097C004317BC /* PBXContainerItemProxy */ = {
			isa = PBXContainerItemProxy;
			containerPortal = FD8C8D1824690975004317BC /* Project object */;
			proxyType = 1;
			remoteGlobalIDString = FD8C8D1F24690975004317BC;
			remoteInfo = WeiboDemo;
		};
		FD8C8D422469097C004317BC /* PBXContainerItemProxy */ = {
			isa = PBXContainerItemProxy;
			containerPortal = FD8C8D1824690975004317BC /* Project object */;
			proxyType = 1;
			remoteGlobalIDString = FD8C8D1F24690975004317BC;
			remoteInfo = WeiboDemo;
		};
/* End PBXContainerItemProxy section */

/* Begin PBXFileReference section */
		0F3B4B00502744F7AEB540E3 /* Pods_WeiboDemoTests.framework */ = {isa = PBXFileReference; explicitFileType = wrapper.framework; includeInIndex = 0; path = Pods_WeiboDemoTests.framework; sourceTree = BUILT_PRODUCTS_DIR; };
		0FDBE6B49BA9D63C81F3BDC8 /* Pods_WeiboDemo.framework */ = {isa = PBXFileReference; explicitFileType = wrapper.framework; includeInIndex = 0; path = Pods_WeiboDemo.framework; sourceTree = BUILT_PRODUCTS_DIR; };
		54BF742B48CB8CF4BBD1E7EB /* Pods-WeiboDemo.debug.xcconfig */ = {isa = PBXFileReference; includeInIndex = 1; lastKnownFileType = text.xcconfig; name = "Pods-WeiboDemo.debug.xcconfig"; path = "Target Support Files/Pods-WeiboDemo/Pods-WeiboDemo.debug.xcconfig"; sourceTree = "<group>"; };
		B19038C85678993A5EE80002 /* Pods_WeiboDemo_WeiboDemoUITests.framework */ = {isa = PBXFileReference; explicitFileType = wrapper.framework; includeInIndex = 0; path = Pods_WeiboDemo_WeiboDemoUITests.framework; sourceTree = BUILT_PRODUCTS_DIR; };
		C17B0A3A900AB59FB818A7FC /* Pods-WeiboDemo.release.xcconfig */ = {isa = PBXFileReference; includeInIndex = 1; lastKnownFileType = text.xcconfig; name = "Pods-WeiboDemo.release.xcconfig"; path = "Target Support Files/Pods-WeiboDemo/Pods-WeiboDemo.release.xcconfig"; sourceTree = "<group>"; };
		C5E4746D20C539F676C94AE8 /* Pods-WeiboDemo-WeiboDemoUITests.debug.xcconfig */ = {isa = PBXFileReference; includeInIndex = 1; lastKnownFileType = text.xcconfig; name = "Pods-WeiboDemo-WeiboDemoUITests.debug.xcconfig"; path = "Target Support Files/Pods-WeiboDemo-WeiboDemoUITests/Pods-WeiboDemo-WeiboDemoUITests.debug.xcconfig"; sourceTree = "<group>"; };
		D11520A01929A8F55E3FA47B /* Pods-WeiboDemoTests.debug.xcconfig */ = {isa = PBXFileReference; includeInIndex = 1; lastKnownFileType = text.xcconfig; name = "Pods-WeiboDemoTests.debug.xcconfig"; path = "Target Support Files/Pods-WeiboDemoTests/Pods-WeiboDemoTests.debug.xcconfig"; sourceTree = "<group>"; };
		DF94BB1095CF65582030338F /* Pods-WeiboDemoTests.release.xcconfig */ = {isa = PBXFileReference; includeInIndex = 1; lastKnownFileType = text.xcconfig; name = "Pods-WeiboDemoTests.release.xcconfig"; path = "Target Support Files/Pods-WeiboDemoTests/Pods-WeiboDemoTests.release.xcconfig"; sourceTree = "<group>"; };
		F4DD07A5246D156600D5E452 /* WeiboListViewCell.swift */ = {isa = PBXFileReference; lastKnownFileType = sourcecode.swift; path = WeiboListViewCell.swift; sourceTree = "<group>"; };
		F4DD07A6246D156600D5E452 /* WeiboListViewCell.xib */ = {isa = PBXFileReference; lastKnownFileType = file.xib; path = WeiboListViewCell.xib; sourceTree = "<group>"; };
		F4DD07AA246D20DE00D5E452 /* UserWeiboListApi.swift */ = {isa = PBXFileReference; lastKnownFileType = sourcecode.swift; path = UserWeiboListApi.swift; sourceTree = "<group>"; };
		F4DD07AC246D21B600D5E452 /* UserWeiboTimeLine.swift */ = {isa = PBXFileReference; lastKnownFileType = sourcecode.swift; path = UserWeiboTimeLine.swift; sourceTree = "<group>"; };
		F4DD07AE246D2B7800D5E452 /* UserWeiboListViewModel.swift */ = {isa = PBXFileReference; lastKnownFileType = sourcecode.swift; path = UserWeiboListViewModel.swift; sourceTree = "<group>"; };
		F4DD07B7246E75C500D5E452 /* TransferImageView.swift */ = {isa = PBXFileReference; lastKnownFileType = sourcecode.swift; path = TransferImageView.swift; sourceTree = "<group>"; };
		F4DD07B9246E75D700D5E452 /* TransferimageView.xib */ = {isa = PBXFileReference; lastKnownFileType = file.xib; path = TransferimageView.xib; sourceTree = "<group>"; };
		F4EFBD0824692E74002FE54C /* ViewController.swift */ = {isa = PBXFileReference; lastKnownFileType = sourcecode.swift; name = ViewController.swift; path = Cell/ViewController.swift; sourceTree = "<group>"; };
		F4EFBD1A246A6959002FE54C /* ListViewController.swift */ = {isa = PBXFileReference; lastKnownFileType = sourcecode.swift; path = ListViewController.swift; sourceTree = "<group>"; };
		F4EFBD1C246A6BF2002FE54C /* UIWindow+JXSafeArea.swift */ = {isa = PBXFileReference; lastKnownFileType = sourcecode.swift; path = "UIWindow+JXSafeArea.swift"; sourceTree = "<group>"; };
		F4EFBD1E246A6C56002FE54C /* DetailViewController.swift */ = {isa = PBXFileReference; lastKnownFileType = sourcecode.swift; path = DetailViewController.swift; sourceTree = "<group>"; };
		F4EFBD20246A71FF002FE54C /* UserProfileHeaderView.swift */ = {isa = PBXFileReference; lastKnownFileType = sourcecode.swift; path = UserProfileHeaderView.swift; sourceTree = "<group>"; };
		F4EFBD22246A7224002FE54C /* UserProfileHeaderView.xib */ = {isa = PBXFileReference; lastKnownFileType = file.xib; path = UserProfileHeaderView.xib; sourceTree = "<group>"; };
		F4EFBD29246BA21A002FE54C /* HomeViewModel.swift */ = {isa = PBXFileReference; lastKnownFileType = sourcecode.swift; path = HomeViewModel.swift; sourceTree = "<group>"; };
		F4EFBD2B246BAAD4002FE54C /* UserProfileApi.swift */ = {isa = PBXFileReference; lastKnownFileType = sourcecode.swift; path = UserProfileApi.swift; sourceTree = "<group>"; };
		F4EFBD2D246BAC19002FE54C /* Login.swift */ = {isa = PBXFileReference; lastKnownFileType = sourcecode.swift; path = Login.swift; sourceTree = "<group>"; };
		F66F4DCFBE00011AB7332E27 /* Pods-WeiboDemo-WeiboDemoUITests.release.xcconfig */ = {isa = PBXFileReference; includeInIndex = 1; lastKnownFileType = text.xcconfig; name = "Pods-WeiboDemo-WeiboDemoUITests.release.xcconfig"; path = "Target Support Files/Pods-WeiboDemo-WeiboDemoUITests/Pods-WeiboDemo-WeiboDemoUITests.release.xcconfig"; sourceTree = "<group>"; };
		FD8C8D2024690975004317BC /* WeiboDemo.app */ = {isa = PBXFileReference; explicitFileType = wrapper.application; includeInIndex = 0; path = WeiboDemo.app; sourceTree = BUILT_PRODUCTS_DIR; };
		FD8C8D2324690975004317BC /* AppDelegate.swift */ = {isa = PBXFileReference; lastKnownFileType = sourcecode.swift; path = AppDelegate.swift; sourceTree = "<group>"; };
		FD8C8D2524690975004317BC /* SceneDelegate.swift */ = {isa = PBXFileReference; lastKnownFileType = sourcecode.swift; path = SceneDelegate.swift; sourceTree = "<group>"; };
		FD8C8D2724690975004317BC /* HomeViewController.swift */ = {isa = PBXFileReference; lastKnownFileType = sourcecode.swift; path = HomeViewController.swift; sourceTree = "<group>"; };
		FD8C8D2A24690975004317BC /* Base */ = {isa = PBXFileReference; lastKnownFileType = file.storyboard; name = Base; path = Base.lproj/Main.storyboard; sourceTree = "<group>"; };
		FD8C8D2C2469097C004317BC /* Assets.xcassets */ = {isa = PBXFileReference; lastKnownFileType = folder.assetcatalog; path = Assets.xcassets; sourceTree = "<group>"; };
		FD8C8D2F2469097C004317BC /* Base */ = {isa = PBXFileReference; lastKnownFileType = file.storyboard; name = Base; path = Base.lproj/LaunchScreen.storyboard; sourceTree = "<group>"; };
		FD8C8D312469097C004317BC /* Info.plist */ = {isa = PBXFileReference; lastKnownFileType = text.plist.xml; path = Info.plist; sourceTree = "<group>"; };
		FD8C8D362469097C004317BC /* WeiboDemoTests.xctest */ = {isa = PBXFileReference; explicitFileType = wrapper.cfbundle; includeInIndex = 0; path = WeiboDemoTests.xctest; sourceTree = BUILT_PRODUCTS_DIR; };
		FD8C8D3A2469097C004317BC /* WeiboDemoTests.swift */ = {isa = PBXFileReference; lastKnownFileType = sourcecode.swift; path = WeiboDemoTests.swift; sourceTree = "<group>"; };
		FD8C8D3C2469097C004317BC /* Info.plist */ = {isa = PBXFileReference; lastKnownFileType = text.plist.xml; path = Info.plist; sourceTree = "<group>"; };
		FD8C8D412469097C004317BC /* WeiboDemoUITests.xctest */ = {isa = PBXFileReference; explicitFileType = wrapper.cfbundle; includeInIndex = 0; path = WeiboDemoUITests.xctest; sourceTree = BUILT_PRODUCTS_DIR; };
		FD8C8D452469097C004317BC /* WeiboDemoUITests.swift */ = {isa = PBXFileReference; lastKnownFileType = sourcecode.swift; path = WeiboDemoUITests.swift; sourceTree = "<group>"; };
		FD8C8D472469097C004317BC /* Info.plist */ = {isa = PBXFileReference; lastKnownFileType = text.plist.xml; path = Info.plist; sourceTree = "<group>"; };
		FD8C8D5724695188004317BC /* TitleView.swift */ = {isa = PBXFileReference; lastKnownFileType = sourcecode.swift; path = TitleView.swift; sourceTree = "<group>"; };
		FD8C8D59246A42D9004317BC /* FeedViewController.swift */ = {isa = PBXFileReference; lastKnownFileType = sourcecode.swift; path = FeedViewController.swift; sourceTree = "<group>"; };
		FD8C8D62246AA52C004317BC /* WeiboDemo-Bridging-Header.h */ = {isa = PBXFileReference; lastKnownFileType = sourcecode.c.h; path = "WeiboDemo-Bridging-Header.h"; sourceTree = "<group>"; };
		FD8C8D67246AA7AC004317BC /* LoginManager.swift */ = {isa = PBXFileReference; lastKnownFileType = sourcecode.swift; path = LoginManager.swift; sourceTree = "<group>"; };
		FD8C8D6A246B99CF004317BC /* R.generated.swift */ = {isa = PBXFileReference; fileEncoding = 4; lastKnownFileType = sourcecode.swift; path = R.generated.swift; sourceTree = "<group>"; };
		FD8C8D6D246B9C4B004317BC /* TitleViewController.swift */ = {isa = PBXFileReference; lastKnownFileType = sourcecode.swift; path = TitleViewController.swift; sourceTree = "<group>"; };
		FD8C8D6F246B9E11004317BC /* TitleTableViewCell.swift */ = {isa = PBXFileReference; lastKnownFileType = sourcecode.swift; path = TitleTableViewCell.swift; sourceTree = "<group>"; };
		FD8C8D71246BE4AA004317BC /* AvatarViewController.swift */ = {isa = PBXFileReference; lastKnownFileType = sourcecode.swift; path = AvatarViewController.swift; sourceTree = "<group>"; };
		FD8C8D73246BE4C3004317BC /* AvatarTableViewCell.swift */ = {isa = PBXFileReference; lastKnownFileType = sourcecode.swift; path = AvatarTableViewCell.swift; sourceTree = "<group>"; };
		FD8C8D76246BE5FB004317BC /* UserInfo.swift */ = {isa = PBXFileReference; lastKnownFileType = sourcecode.swift; path = UserInfo.swift; sourceTree = "<group>"; };
/* End PBXFileReference section */

/* Begin PBXFrameworksBuildPhase section */
		FD8C8D1D24690975004317BC /* Frameworks */ = {
			isa = PBXFrameworksBuildPhase;
			buildActionMask = 2147483647;
			files = (
				EF4A34D935FA382EDE5893E3 /* Pods_WeiboDemo.framework in Frameworks */,
			);
			runOnlyForDeploymentPostprocessing = 0;
		};
		FD8C8D332469097C004317BC /* Frameworks */ = {
			isa = PBXFrameworksBuildPhase;
			buildActionMask = 2147483647;
			files = (
				B64A60FD867565C63798394A /* Pods_WeiboDemoTests.framework in Frameworks */,
			);
			runOnlyForDeploymentPostprocessing = 0;
		};
		FD8C8D3E2469097C004317BC /* Frameworks */ = {
			isa = PBXFrameworksBuildPhase;
			buildActionMask = 2147483647;
			files = (
				5F7D2F5DADA4AC63D43A78FF /* Pods_WeiboDemo_WeiboDemoUITests.framework in Frameworks */,
			);
			runOnlyForDeploymentPostprocessing = 0;
		};
/* End PBXFrameworksBuildPhase section */

/* Begin PBXGroup section */
		1B5415377A00C341E92623FC /* Pods */ = {
			isa = PBXGroup;
			children = (
				54BF742B48CB8CF4BBD1E7EB /* Pods-WeiboDemo.debug.xcconfig */,
				C17B0A3A900AB59FB818A7FC /* Pods-WeiboDemo.release.xcconfig */,
				C5E4746D20C539F676C94AE8 /* Pods-WeiboDemo-WeiboDemoUITests.debug.xcconfig */,
				F66F4DCFBE00011AB7332E27 /* Pods-WeiboDemo-WeiboDemoUITests.release.xcconfig */,
				D11520A01929A8F55E3FA47B /* Pods-WeiboDemoTests.debug.xcconfig */,
				DF94BB1095CF65582030338F /* Pods-WeiboDemoTests.release.xcconfig */,
			);
			path = Pods;
			sourceTree = "<group>";
		};
		69790A6866475E39A86AA2A5 /* Frameworks */ = {
			isa = PBXGroup;
			children = (
				0FDBE6B49BA9D63C81F3BDC8 /* Pods_WeiboDemo.framework */,
				B19038C85678993A5EE80002 /* Pods_WeiboDemo_WeiboDemoUITests.framework */,
				0F3B4B00502744F7AEB540E3 /* Pods_WeiboDemoTests.framework */,
			);
			name = Frameworks;
			sourceTree = "<group>";
		};
		F4DD07A9246D207900D5E452 /* Api */ = {
			isa = PBXGroup;
			children = (
				FD8C8D67246AA7AC004317BC /* LoginManager.swift */,
				F4EFBD2B246BAAD4002FE54C /* UserProfileApi.swift */,
				F4DD07AA246D20DE00D5E452 /* UserWeiboListApi.swift */,
			);
			path = Api;
			sourceTree = "<group>";
		};
		F4DD07B0246E399C00D5E452 /* WeiboCell */ = {
			isa = PBXGroup;
			children = (
				F4DD07B7246E75C500D5E452 /* TransferImageView.swift */,
				F4DD07B9246E75D700D5E452 /* TransferimageView.xib */,
			);
			path = WeiboCell;
			sourceTree = "<group>";
		};
		F4EFBD2F246BB8A8002FE54C /* Utils */ = {
			isa = PBXGroup;
			children = (
				F4EFBD1C246A6BF2002FE54C /* UIWindow+JXSafeArea.swift */,
			);
			path = Utils;
			sourceTree = "<group>";
		};
		FD8C8D1724690975004317BC = {
			isa = PBXGroup;
			children = (
				FD8C8D6A246B99CF004317BC /* R.generated.swift */,
				FD8C8D2224690975004317BC /* WeiboDemo */,
				FD8C8D392469097C004317BC /* WeiboDemoTests */,
				FD8C8D442469097C004317BC /* WeiboDemoUITests */,
				FD8C8D2124690975004317BC /* Products */,
				1B5415377A00C341E92623FC /* Pods */,
				69790A6866475E39A86AA2A5 /* Frameworks */,
			);
			sourceTree = "<group>";
		};
		FD8C8D2124690975004317BC /* Products */ = {
			isa = PBXGroup;
			children = (
				FD8C8D2024690975004317BC /* WeiboDemo.app */,
				FD8C8D362469097C004317BC /* WeiboDemoTests.xctest */,
				FD8C8D412469097C004317BC /* WeiboDemoUITests.xctest */,
			);
			name = Products;
			sourceTree = "<group>";
		};
		FD8C8D2224690975004317BC /* WeiboDemo */ = {
			isa = PBXGroup;
			children = (
				FD8C8D7B246D3A86004317BC /* ViewModel */,
				FD8C8D7A246D39CF004317BC /* Page */,
				FD8C8D75246BE5EF004317BC /* Model */,
				FD8C8D6C246B9BED004317BC /* View */,
				F4DD07A9246D207900D5E452 /* Api */,
				F4EFBD2F246BB8A8002FE54C /* Utils */,
				FD8C8D2324690975004317BC /* AppDelegate.swift */,
				FD8C8D2524690975004317BC /* SceneDelegate.swift */,
				FD8C8D2924690975004317BC /* Main.storyboard */,
				F4EFBD0824692E74002FE54C /* ViewController.swift */,
				FD8C8D2C2469097C004317BC /* Assets.xcassets */,
				FD8C8D2E2469097C004317BC /* LaunchScreen.storyboard */,
				FD8C8D312469097C004317BC /* Info.plist */,
				FD8C8D62246AA52C004317BC /* WeiboDemo-Bridging-Header.h */,
			);
			path = WeiboDemo;
			sourceTree = "<group>";
		};
		FD8C8D392469097C004317BC /* WeiboDemoTests */ = {
			isa = PBXGroup;
			children = (
				FD8C8D3A2469097C004317BC /* WeiboDemoTests.swift */,
				FD8C8D3C2469097C004317BC /* Info.plist */,
			);
			path = WeiboDemoTests;
			sourceTree = "<group>";
		};
		FD8C8D442469097C004317BC /* WeiboDemoUITests */ = {
			isa = PBXGroup;
			children = (
				FD8C8D452469097C004317BC /* WeiboDemoUITests.swift */,
				FD8C8D472469097C004317BC /* Info.plist */,
			);
			path = WeiboDemoUITests;
			sourceTree = "<group>";
		};
		FD8C8D6C246B9BED004317BC /* View */ = {
			isa = PBXGroup;
			children = (
				F4EFBD20246A71FF002FE54C /* UserProfileHeaderView.swift */,
				F4EFBD22246A7224002FE54C /* UserProfileHeaderView.xib */,
				FD8C8D5724695188004317BC /* TitleView.swift */,
				F4EFBD1A246A6959002FE54C /* ListViewController.swift */,
				F4DD07A5246D156600D5E452 /* WeiboListViewCell.swift */,
				F4DD07A6246D156600D5E452 /* WeiboListViewCell.xib */,
				FD8C8D6D246B9C4B004317BC /* TitleViewController.swift */,
				FD8C8D6F246B9E11004317BC /* TitleTableViewCell.swift */,
				FD8C8D71246BE4AA004317BC /* AvatarViewController.swift */,
				FD8C8D73246BE4C3004317BC /* AvatarTableViewCell.swift */,
				F4DD07B0246E399C00D5E452 /* WeiboCell */,
			);
			path = View;
			sourceTree = "<group>";
		};
		FD8C8D75246BE5EF004317BC /* Model */ = {
			isa = PBXGroup;
			children = (
				F4EFBD2D246BAC19002FE54C /* Login.swift */,
				FD8C8D76246BE5FB004317BC /* UserInfo.swift */,
				F4DD07AC246D21B600D5E452 /* UserWeiboTimeLine.swift */,
			);
			path = Model;
			sourceTree = "<group>";
		};
		FD8C8D7A246D39CF004317BC /* Page */ = {
			isa = PBXGroup;
			children = (
				F4EFBD1E246A6C56002FE54C /* DetailViewController.swift */,
				FD8C8D59246A42D9004317BC /* FeedViewController.swift */,
				FD8C8D2724690975004317BC /* HomeViewController.swift */,
			);
			path = Page;
			sourceTree = "<group>";
		};
		FD8C8D7B246D3A86004317BC /* ViewModel */ = {
			isa = PBXGroup;
			children = (
				F4DD07AE246D2B7800D5E452 /* UserWeiboListViewModel.swift */,
				F4EFBD29246BA21A002FE54C /* HomeViewModel.swift */,
			);
			path = ViewModel;
			sourceTree = "<group>";
		};
/* End PBXGroup section */

/* Begin PBXNativeTarget section */
		FD8C8D1F24690975004317BC /* WeiboDemo */ = {
			isa = PBXNativeTarget;
			buildConfigurationList = FD8C8D4A2469097C004317BC /* Build configuration list for PBXNativeTarget "WeiboDemo" */;
			buildPhases = (
				DC3B8F1088D33C7F2F8A4502 /* [CP] Check Pods Manifest.lock */,
				FD8C8D69246B9618004317BC /* ShellScript */,
				FD8C8D1C24690975004317BC /* Sources */,
				FD8C8D1D24690975004317BC /* Frameworks */,
				FD8C8D1E24690975004317BC /* Resources */,
				E59F0CD85EFEB38C5BAED7FC /* [CP] Embed Pods Frameworks */,
				DF8DDFA096DB658E99E39BAF /* [CP] Copy Pods Resources */,
			);
			buildRules = (
			);
			dependencies = (
			);
			name = WeiboDemo;
			productName = WeiboDemo;
			productReference = FD8C8D2024690975004317BC /* WeiboDemo.app */;
			productType = "com.apple.product-type.application";
		};
		FD8C8D352469097C004317BC /* WeiboDemoTests */ = {
			isa = PBXNativeTarget;
			buildConfigurationList = FD8C8D4D2469097C004317BC /* Build configuration list for PBXNativeTarget "WeiboDemoTests" */;
			buildPhases = (
				5FA45ED577355D18297E1AFB /* [CP] Check Pods Manifest.lock */,
				FD8C8D322469097C004317BC /* Sources */,
				FD8C8D332469097C004317BC /* Frameworks */,
				FD8C8D342469097C004317BC /* Resources */,
				536F8E6E47CC13045D026BA8 /* [CP] Embed Pods Frameworks */,
			);
			buildRules = (
			);
			dependencies = (
				FD8C8D382469097C004317BC /* PBXTargetDependency */,
			);
			name = WeiboDemoTests;
			productName = WeiboDemoTests;
			productReference = FD8C8D362469097C004317BC /* WeiboDemoTests.xctest */;
			productType = "com.apple.product-type.bundle.unit-test";
		};
		FD8C8D402469097C004317BC /* WeiboDemoUITests */ = {
			isa = PBXNativeTarget;
			buildConfigurationList = FD8C8D502469097C004317BC /* Build configuration list for PBXNativeTarget "WeiboDemoUITests" */;
			buildPhases = (
				A3C8617127A9A0E796258EBC /* [CP] Check Pods Manifest.lock */,
				FD8C8D3D2469097C004317BC /* Sources */,
				FD8C8D3E2469097C004317BC /* Frameworks */,
				FD8C8D3F2469097C004317BC /* Resources */,
				8DB83C2EF8D3CDB80CDD74B8 /* [CP] Embed Pods Frameworks */,
				EA64D092CEC0B213DC6C0236 /* [CP] Copy Pods Resources */,
			);
			buildRules = (
			);
			dependencies = (
				FD8C8D432469097C004317BC /* PBXTargetDependency */,
			);
			name = WeiboDemoUITests;
			productName = WeiboDemoUITests;
			productReference = FD8C8D412469097C004317BC /* WeiboDemoUITests.xctest */;
			productType = "com.apple.product-type.bundle.ui-testing";
		};
/* End PBXNativeTarget section */

/* Begin PBXProject section */
		FD8C8D1824690975004317BC /* Project object */ = {
			isa = PBXProject;
			attributes = {
				LastSwiftUpdateCheck = 1140;
				LastUpgradeCheck = 1140;
				ORGANIZATIONNAME = "Zijie Jiang";
				TargetAttributes = {
					FD8C8D1F24690975004317BC = {
						CreatedOnToolsVersion = 11.4.1;
						LastSwiftMigration = 1140;
					};
					FD8C8D352469097C004317BC = {
						CreatedOnToolsVersion = 11.4.1;
						TestTargetID = FD8C8D1F24690975004317BC;
					};
					FD8C8D402469097C004317BC = {
						CreatedOnToolsVersion = 11.4.1;
						TestTargetID = FD8C8D1F24690975004317BC;
					};
				};
			};
			buildConfigurationList = FD8C8D1B24690975004317BC /* Build configuration list for PBXProject "WeiboDemo" */;
			compatibilityVersion = "Xcode 9.3";
			developmentRegion = en;
			hasScannedForEncodings = 0;
			knownRegions = (
				en,
				Base,
			);
			mainGroup = FD8C8D1724690975004317BC;
			productRefGroup = FD8C8D2124690975004317BC /* Products */;
			projectDirPath = "";
			projectRoot = "";
			targets = (
				FD8C8D1F24690975004317BC /* WeiboDemo */,
				FD8C8D352469097C004317BC /* WeiboDemoTests */,
				FD8C8D402469097C004317BC /* WeiboDemoUITests */,
			);
		};
/* End PBXProject section */

/* Begin PBXResourcesBuildPhase section */
		FD8C8D1E24690975004317BC /* Resources */ = {
			isa = PBXResourcesBuildPhase;
			buildActionMask = 2147483647;
			files = (
				FD8C8D302469097C004317BC /* LaunchScreen.storyboard in Resources */,
				F4DD07BA246E75D700D5E452 /* TransferimageView.xib in Resources */,
				F4DD07A8246D156600D5E452 /* WeiboListViewCell.xib in Resources */,
				F4EFBD23246A7224002FE54C /* UserProfileHeaderView.xib in Resources */,
				FD8C8D2D2469097C004317BC /* Assets.xcassets in Resources */,
				FD8C8D2B24690975004317BC /* Main.storyboard in Resources */,
			);
			runOnlyForDeploymentPostprocessing = 0;
		};
		FD8C8D342469097C004317BC /* Resources */ = {
			isa = PBXResourcesBuildPhase;
			buildActionMask = 2147483647;
			files = (
			);
			runOnlyForDeploymentPostprocessing = 0;
		};
		FD8C8D3F2469097C004317BC /* Resources */ = {
			isa = PBXResourcesBuildPhase;
			buildActionMask = 2147483647;
			files = (
			);
			runOnlyForDeploymentPostprocessing = 0;
		};
/* End PBXResourcesBuildPhase section */

/* Begin PBXShellScriptBuildPhase section */
		536F8E6E47CC13045D026BA8 /* [CP] Embed Pods Frameworks */ = {
			isa = PBXShellScriptBuildPhase;
			buildActionMask = 2147483647;
			files = (
			);
			inputFileListPaths = (
				"${PODS_ROOT}/Target Support Files/Pods-WeiboDemoTests/Pods-WeiboDemoTests-frameworks-${CONFIGURATION}-input-files.xcfilelist",
			);
			name = "[CP] Embed Pods Frameworks";
			outputFileListPaths = (
				"${PODS_ROOT}/Target Support Files/Pods-WeiboDemoTests/Pods-WeiboDemoTests-frameworks-${CONFIGURATION}-output-files.xcfilelist",
			);
			runOnlyForDeploymentPostprocessing = 0;
			shellPath = /bin/sh;
			shellScript = "\"${PODS_ROOT}/Target Support Files/Pods-WeiboDemoTests/Pods-WeiboDemoTests-frameworks.sh\"\n";
			showEnvVarsInLog = 0;
		};
		5FA45ED577355D18297E1AFB /* [CP] Check Pods Manifest.lock */ = {
			isa = PBXShellScriptBuildPhase;
			buildActionMask = 2147483647;
			files = (
			);
			inputFileListPaths = (
			);
			inputPaths = (
				"${PODS_PODFILE_DIR_PATH}/Podfile.lock",
				"${PODS_ROOT}/Manifest.lock",
			);
			name = "[CP] Check Pods Manifest.lock";
			outputFileListPaths = (
			);
			outputPaths = (
				"$(DERIVED_FILE_DIR)/Pods-WeiboDemoTests-checkManifestLockResult.txt",
			);
			runOnlyForDeploymentPostprocessing = 0;
			shellPath = /bin/sh;
			shellScript = "diff \"${PODS_PODFILE_DIR_PATH}/Podfile.lock\" \"${PODS_ROOT}/Manifest.lock\" > /dev/null\nif [ $? != 0 ] ; then\n    # print error to STDERR\n    echo \"error: The sandbox is not in sync with the Podfile.lock. Run 'pod install' or update your CocoaPods installation.\" >&2\n    exit 1\nfi\n# This output is used by Xcode 'outputs' to avoid re-running this script phase.\necho \"SUCCESS\" > \"${SCRIPT_OUTPUT_FILE_0}\"\n";
			showEnvVarsInLog = 0;
		};
		8DB83C2EF8D3CDB80CDD74B8 /* [CP] Embed Pods Frameworks */ = {
			isa = PBXShellScriptBuildPhase;
			buildActionMask = 2147483647;
			files = (
			);
			inputFileListPaths = (
				"${PODS_ROOT}/Target Support Files/Pods-WeiboDemo-WeiboDemoUITests/Pods-WeiboDemo-WeiboDemoUITests-frameworks-${CONFIGURATION}-input-files.xcfilelist",
			);
			name = "[CP] Embed Pods Frameworks";
			outputFileListPaths = (
				"${PODS_ROOT}/Target Support Files/Pods-WeiboDemo-WeiboDemoUITests/Pods-WeiboDemo-WeiboDemoUITests-frameworks-${CONFIGURATION}-output-files.xcfilelist",
			);
			runOnlyForDeploymentPostprocessing = 0;
			shellPath = /bin/sh;
			shellScript = "\"${PODS_ROOT}/Target Support Files/Pods-WeiboDemo-WeiboDemoUITests/Pods-WeiboDemo-WeiboDemoUITests-frameworks.sh\"\n";
			showEnvVarsInLog = 0;
		};
		A3C8617127A9A0E796258EBC /* [CP] Check Pods Manifest.lock */ = {
			isa = PBXShellScriptBuildPhase;
			buildActionMask = 2147483647;
			files = (
			);
			inputFileListPaths = (
			);
			inputPaths = (
				"${PODS_PODFILE_DIR_PATH}/Podfile.lock",
				"${PODS_ROOT}/Manifest.lock",
			);
			name = "[CP] Check Pods Manifest.lock";
			outputFileListPaths = (
			);
			outputPaths = (
				"$(DERIVED_FILE_DIR)/Pods-WeiboDemo-WeiboDemoUITests-checkManifestLockResult.txt",
			);
			runOnlyForDeploymentPostprocessing = 0;
			shellPath = /bin/sh;
			shellScript = "diff \"${PODS_PODFILE_DIR_PATH}/Podfile.lock\" \"${PODS_ROOT}/Manifest.lock\" > /dev/null\nif [ $? != 0 ] ; then\n    # print error to STDERR\n    echo \"error: The sandbox is not in sync with the Podfile.lock. Run 'pod install' or update your CocoaPods installation.\" >&2\n    exit 1\nfi\n# This output is used by Xcode 'outputs' to avoid re-running this script phase.\necho \"SUCCESS\" > \"${SCRIPT_OUTPUT_FILE_0}\"\n";
			showEnvVarsInLog = 0;
		};
		DC3B8F1088D33C7F2F8A4502 /* [CP] Check Pods Manifest.lock */ = {
			isa = PBXShellScriptBuildPhase;
			buildActionMask = 2147483647;
			files = (
			);
			inputFileListPaths = (
			);
			inputPaths = (
				"${PODS_PODFILE_DIR_PATH}/Podfile.lock",
				"${PODS_ROOT}/Manifest.lock",
			);
			name = "[CP] Check Pods Manifest.lock";
			outputFileListPaths = (
			);
			outputPaths = (
				"$(DERIVED_FILE_DIR)/Pods-WeiboDemo-checkManifestLockResult.txt",
			);
			runOnlyForDeploymentPostprocessing = 0;
			shellPath = /bin/sh;
			shellScript = "diff \"${PODS_PODFILE_DIR_PATH}/Podfile.lock\" \"${PODS_ROOT}/Manifest.lock\" > /dev/null\nif [ $? != 0 ] ; then\n    # print error to STDERR\n    echo \"error: The sandbox is not in sync with the Podfile.lock. Run 'pod install' or update your CocoaPods installation.\" >&2\n    exit 1\nfi\n# This output is used by Xcode 'outputs' to avoid re-running this script phase.\necho \"SUCCESS\" > \"${SCRIPT_OUTPUT_FILE_0}\"\n";
			showEnvVarsInLog = 0;
		};
		DF8DDFA096DB658E99E39BAF /* [CP] Copy Pods Resources */ = {
			isa = PBXShellScriptBuildPhase;
			buildActionMask = 2147483647;
			files = (
			);
			inputFileListPaths = (
				"${PODS_ROOT}/Target Support Files/Pods-WeiboDemo/Pods-WeiboDemo-resources-${CONFIGURATION}-input-files.xcfilelist",
			);
			name = "[CP] Copy Pods Resources";
			outputFileListPaths = (
				"${PODS_ROOT}/Target Support Files/Pods-WeiboDemo/Pods-WeiboDemo-resources-${CONFIGURATION}-output-files.xcfilelist",
			);
			runOnlyForDeploymentPostprocessing = 0;
			shellPath = /bin/sh;
			shellScript = "\"${PODS_ROOT}/Target Support Files/Pods-WeiboDemo/Pods-WeiboDemo-resources.sh\"\n";
			showEnvVarsInLog = 0;
		};
		E59F0CD85EFEB38C5BAED7FC /* [CP] Embed Pods Frameworks */ = {
			isa = PBXShellScriptBuildPhase;
			buildActionMask = 2147483647;
			files = (
			);
			inputFileListPaths = (
				"${PODS_ROOT}/Target Support Files/Pods-WeiboDemo/Pods-WeiboDemo-frameworks-${CONFIGURATION}-input-files.xcfilelist",
			);
			name = "[CP] Embed Pods Frameworks";
			outputFileListPaths = (
				"${PODS_ROOT}/Target Support Files/Pods-WeiboDemo/Pods-WeiboDemo-frameworks-${CONFIGURATION}-output-files.xcfilelist",
			);
			runOnlyForDeploymentPostprocessing = 0;
			shellPath = /bin/sh;
			shellScript = "\"${PODS_ROOT}/Target Support Files/Pods-WeiboDemo/Pods-WeiboDemo-frameworks.sh\"\n";
			showEnvVarsInLog = 0;
		};
		EA64D092CEC0B213DC6C0236 /* [CP] Copy Pods Resources */ = {
			isa = PBXShellScriptBuildPhase;
			buildActionMask = 2147483647;
			files = (
			);
			inputFileListPaths = (
				"${PODS_ROOT}/Target Support Files/Pods-WeiboDemo-WeiboDemoUITests/Pods-WeiboDemo-WeiboDemoUITests-resources-${CONFIGURATION}-input-files.xcfilelist",
			);
			name = "[CP] Copy Pods Resources";
			outputFileListPaths = (
				"${PODS_ROOT}/Target Support Files/Pods-WeiboDemo-WeiboDemoUITests/Pods-WeiboDemo-WeiboDemoUITests-resources-${CONFIGURATION}-output-files.xcfilelist",
			);
			runOnlyForDeploymentPostprocessing = 0;
			shellPath = /bin/sh;
			shellScript = "\"${PODS_ROOT}/Target Support Files/Pods-WeiboDemo-WeiboDemoUITests/Pods-WeiboDemo-WeiboDemoUITests-resources.sh\"\n";
			showEnvVarsInLog = 0;
		};
		FD8C8D69246B9618004317BC /* ShellScript */ = {
			isa = PBXShellScriptBuildPhase;
			buildActionMask = 2147483647;
			files = (
			);
			inputFileListPaths = (
			);
			inputPaths = (
				"$TEMP_DIR/rswift-lastrun",
			);
			outputFileListPaths = (
			);
			outputPaths = (
				$SRCROOT/R.generated.swift,
			);
			runOnlyForDeploymentPostprocessing = 0;
			shellPath = /bin/sh;
			shellScript = "\"$PODS_ROOT/R.swift/rswift\" generate \"$SRCROOT/R.generated.swift\"\n";
		};
/* End PBXShellScriptBuildPhase section */

/* Begin PBXSourcesBuildPhase section */
		FD8C8D1C24690975004317BC /* Sources */ = {
			isa = PBXSourcesBuildPhase;
			buildActionMask = 2147483647;
			files = (
				FD8C8D77246BE5FB004317BC /* UserInfo.swift in Sources */,
				FD8C8D74246BE4C3004317BC /* AvatarTableViewCell.swift in Sources */,
				F4EFBD1F246A6C56002FE54C /* DetailViewController.swift in Sources */,
				F4DD07AB246D20DE00D5E452 /* UserWeiboListApi.swift in Sources */,
				F4EFBD2E246BAC19002FE54C /* Login.swift in Sources */,
				FD8C8D6B246B99CF004317BC /* R.generated.swift in Sources */,
				F4EFBD0A24692E74002FE54C /* ViewController.swift in Sources */,
				F4DD07A7246D156600D5E452 /* WeiboListViewCell.swift in Sources */,
				F4DD07AD246D21B600D5E452 /* UserWeiboTimeLine.swift in Sources */,
				FD8C8D2824690975004317BC /* HomeViewController.swift in Sources */,
				FD8C8D2424690975004317BC /* AppDelegate.swift in Sources */,
				F4EFBD1B246A6959002FE54C /* ListViewController.swift in Sources */,
				F4EFBD1D246A6BF2002FE54C /* UIWindow+JXSafeArea.swift in Sources */,
				F4DD07AF246D2B7800D5E452 /* UserWeiboListViewModel.swift in Sources */,
				F4DD07B8246E75C500D5E452 /* TransferImageView.swift in Sources */,
				FD8C8D70246B9E11004317BC /* TitleTableViewCell.swift in Sources */,
				F4EFBD2C246BAAD4002FE54C /* UserProfileApi.swift in Sources */,
				FD8C8D2624690975004317BC /* SceneDelegate.swift in Sources */,
				F4EFBD21246A71FF002FE54C /* UserProfileHeaderView.swift in Sources */,
				FD8C8D72246BE4AA004317BC /* AvatarViewController.swift in Sources */,
				FD8C8D5824695188004317BC /* TitleView.swift in Sources */,
				FD8C8D68246AA7AC004317BC /* LoginManager.swift in Sources */,
				F4EFBD2A246BA21A002FE54C /* HomeViewModel.swift in Sources */,
				FD8C8D5A246A42D9004317BC /* FeedViewController.swift in Sources */,
				FD8C8D6E246B9C4B004317BC /* TitleViewController.swift in Sources */,
			);
			runOnlyForDeploymentPostprocessing = 0;
		};
		FD8C8D322469097C004317BC /* Sources */ = {
			isa = PBXSourcesBuildPhase;
			buildActionMask = 2147483647;
			files = (
				FD8C8D3B2469097C004317BC /* WeiboDemoTests.swift in Sources */,
			);
			runOnlyForDeploymentPostprocessing = 0;
		};
		FD8C8D3D2469097C004317BC /* Sources */ = {
			isa = PBXSourcesBuildPhase;
			buildActionMask = 2147483647;
			files = (
				FD8C8D462469097C004317BC /* WeiboDemoUITests.swift in Sources */,
			);
			runOnlyForDeploymentPostprocessing = 0;
		};
/* End PBXSourcesBuildPhase section */

/* Begin PBXTargetDependency section */
		FD8C8D382469097C004317BC /* PBXTargetDependency */ = {
			isa = PBXTargetDependency;
			target = FD8C8D1F24690975004317BC /* WeiboDemo */;
			targetProxy = FD8C8D372469097C004317BC /* PBXContainerItemProxy */;
		};
		FD8C8D432469097C004317BC /* PBXTargetDependency */ = {
			isa = PBXTargetDependency;
			target = FD8C8D1F24690975004317BC /* WeiboDemo */;
			targetProxy = FD8C8D422469097C004317BC /* PBXContainerItemProxy */;
		};
/* End PBXTargetDependency section */

/* Begin PBXVariantGroup section */
		FD8C8D2924690975004317BC /* Main.storyboard */ = {
			isa = PBXVariantGroup;
			children = (
				FD8C8D2A24690975004317BC /* Base */,
			);
			name = Main.storyboard;
			sourceTree = "<group>";
		};
		FD8C8D2E2469097C004317BC /* LaunchScreen.storyboard */ = {
			isa = PBXVariantGroup;
			children = (
				FD8C8D2F2469097C004317BC /* Base */,
			);
			name = LaunchScreen.storyboard;
			sourceTree = "<group>";
		};
/* End PBXVariantGroup section */

/* Begin XCBuildConfiguration section */
		FD8C8D482469097C004317BC /* Debug */ = {
			isa = XCBuildConfiguration;
			buildSettings = {
				ALWAYS_SEARCH_USER_PATHS = NO;
				CLANG_ANALYZER_NONNULL = YES;
				CLANG_ANALYZER_NUMBER_OBJECT_CONVERSION = YES_AGGRESSIVE;
				CLANG_CXX_LANGUAGE_STANDARD = "gnu++14";
				CLANG_CXX_LIBRARY = "libc++";
				CLANG_ENABLE_MODULES = YES;
				CLANG_ENABLE_OBJC_ARC = YES;
				CLANG_ENABLE_OBJC_WEAK = YES;
				CLANG_WARN_BLOCK_CAPTURE_AUTORELEASING = YES;
				CLANG_WARN_BOOL_CONVERSION = YES;
				CLANG_WARN_COMMA = YES;
				CLANG_WARN_CONSTANT_CONVERSION = YES;
				CLANG_WARN_DEPRECATED_OBJC_IMPLEMENTATIONS = YES;
				CLANG_WARN_DIRECT_OBJC_ISA_USAGE = YES_ERROR;
				CLANG_WARN_DOCUMENTATION_COMMENTS = YES;
				CLANG_WARN_EMPTY_BODY = YES;
				CLANG_WARN_ENUM_CONVERSION = YES;
				CLANG_WARN_INFINITE_RECURSION = YES;
				CLANG_WARN_INT_CONVERSION = YES;
				CLANG_WARN_NON_LITERAL_NULL_CONVERSION = YES;
				CLANG_WARN_OBJC_IMPLICIT_RETAIN_SELF = YES;
				CLANG_WARN_OBJC_LITERAL_CONVERSION = YES;
				CLANG_WARN_OBJC_ROOT_CLASS = YES_ERROR;
				CLANG_WARN_RANGE_LOOP_ANALYSIS = YES;
				CLANG_WARN_STRICT_PROTOTYPES = YES;
				CLANG_WARN_SUSPICIOUS_MOVE = YES;
				CLANG_WARN_UNGUARDED_AVAILABILITY = YES_AGGRESSIVE;
				CLANG_WARN_UNREACHABLE_CODE = YES;
				CLANG_WARN__DUPLICATE_METHOD_MATCH = YES;
				COPY_PHASE_STRIP = NO;
				DEBUG_INFORMATION_FORMAT = dwarf;
				ENABLE_STRICT_OBJC_MSGSEND = YES;
				ENABLE_TESTABILITY = YES;
				GCC_C_LANGUAGE_STANDARD = gnu11;
				GCC_DYNAMIC_NO_PIC = NO;
				GCC_NO_COMMON_BLOCKS = YES;
				GCC_OPTIMIZATION_LEVEL = 0;
				GCC_PREPROCESSOR_DEFINITIONS = (
					"DEBUG=1",
					"$(inherited)",
				);
				GCC_WARN_64_TO_32_BIT_CONVERSION = YES;
				GCC_WARN_ABOUT_RETURN_TYPE = YES_ERROR;
				GCC_WARN_UNDECLARED_SELECTOR = YES;
				GCC_WARN_UNINITIALIZED_AUTOS = YES_AGGRESSIVE;
				GCC_WARN_UNUSED_FUNCTION = YES;
				GCC_WARN_UNUSED_VARIABLE = YES;
				IPHONEOS_DEPLOYMENT_TARGET = 13.4;
				MTL_ENABLE_DEBUG_INFO = INCLUDE_SOURCE;
				MTL_FAST_MATH = YES;
				ONLY_ACTIVE_ARCH = YES;
				SDKROOT = iphoneos;
				SWIFT_ACTIVE_COMPILATION_CONDITIONS = DEBUG;
				SWIFT_OPTIMIZATION_LEVEL = "-Onone";
			};
			name = Debug;
		};
		FD8C8D492469097C004317BC /* Release */ = {
			isa = XCBuildConfiguration;
			buildSettings = {
				ALWAYS_SEARCH_USER_PATHS = NO;
				CLANG_ANALYZER_NONNULL = YES;
				CLANG_ANALYZER_NUMBER_OBJECT_CONVERSION = YES_AGGRESSIVE;
				CLANG_CXX_LANGUAGE_STANDARD = "gnu++14";
				CLANG_CXX_LIBRARY = "libc++";
				CLANG_ENABLE_MODULES = YES;
				CLANG_ENABLE_OBJC_ARC = YES;
				CLANG_ENABLE_OBJC_WEAK = YES;
				CLANG_WARN_BLOCK_CAPTURE_AUTORELEASING = YES;
				CLANG_WARN_BOOL_CONVERSION = YES;
				CLANG_WARN_COMMA = YES;
				CLANG_WARN_CONSTANT_CONVERSION = YES;
				CLANG_WARN_DEPRECATED_OBJC_IMPLEMENTATIONS = YES;
				CLANG_WARN_DIRECT_OBJC_ISA_USAGE = YES_ERROR;
				CLANG_WARN_DOCUMENTATION_COMMENTS = YES;
				CLANG_WARN_EMPTY_BODY = YES;
				CLANG_WARN_ENUM_CONVERSION = YES;
				CLANG_WARN_INFINITE_RECURSION = YES;
				CLANG_WARN_INT_CONVERSION = YES;
				CLANG_WARN_NON_LITERAL_NULL_CONVERSION = YES;
				CLANG_WARN_OBJC_IMPLICIT_RETAIN_SELF = YES;
				CLANG_WARN_OBJC_LITERAL_CONVERSION = YES;
				CLANG_WARN_OBJC_ROOT_CLASS = YES_ERROR;
				CLANG_WARN_RANGE_LOOP_ANALYSIS = YES;
				CLANG_WARN_STRICT_PROTOTYPES = YES;
				CLANG_WARN_SUSPICIOUS_MOVE = YES;
				CLANG_WARN_UNGUARDED_AVAILABILITY = YES_AGGRESSIVE;
				CLANG_WARN_UNREACHABLE_CODE = YES;
				CLANG_WARN__DUPLICATE_METHOD_MATCH = YES;
				COPY_PHASE_STRIP = NO;
				DEBUG_INFORMATION_FORMAT = "dwarf-with-dsym";
				ENABLE_NS_ASSERTIONS = NO;
				ENABLE_STRICT_OBJC_MSGSEND = YES;
				GCC_C_LANGUAGE_STANDARD = gnu11;
				GCC_NO_COMMON_BLOCKS = YES;
				GCC_WARN_64_TO_32_BIT_CONVERSION = YES;
				GCC_WARN_ABOUT_RETURN_TYPE = YES_ERROR;
				GCC_WARN_UNDECLARED_SELECTOR = YES;
				GCC_WARN_UNINITIALIZED_AUTOS = YES_AGGRESSIVE;
				GCC_WARN_UNUSED_FUNCTION = YES;
				GCC_WARN_UNUSED_VARIABLE = YES;
				IPHONEOS_DEPLOYMENT_TARGET = 13.4;
				MTL_ENABLE_DEBUG_INFO = NO;
				MTL_FAST_MATH = YES;
				SDKROOT = iphoneos;
				SWIFT_COMPILATION_MODE = wholemodule;
				SWIFT_OPTIMIZATION_LEVEL = "-O";
				VALIDATE_PRODUCT = YES;
			};
			name = Release;
		};
		FD8C8D4B2469097C004317BC /* Debug */ = {
			isa = XCBuildConfiguration;
			baseConfigurationReference = 54BF742B48CB8CF4BBD1E7EB /* Pods-WeiboDemo.debug.xcconfig */;
			buildSettings = {
				ASSETCATALOG_COMPILER_APPICON_NAME = AppIcon;
				CLANG_ENABLE_MODULES = YES;
				CODE_SIGN_STYLE = Automatic;
				DEVELOPMENT_TEAM = Z2LP955RX5;
				INFOPLIST_FILE = WeiboDemo/Info.plist;
				LD_RUNPATH_SEARCH_PATHS = (
					"$(inherited)",
					"@executable_path/Frameworks",
				);
				PRODUCT_BUNDLE_IDENTIFIER = xin.leiguang.wbdemo;
				PRODUCT_NAME = "$(TARGET_NAME)";
				SWIFT_OBJC_BRIDGING_HEADER = "WeiboDemo/WeiboDemo-Bridging-Header.h";
				SWIFT_OPTIMIZATION_LEVEL = "-Onone";
				SWIFT_VERSION = 5.0;
				TARGETED_DEVICE_FAMILY = "1,2";
			};
			name = Debug;
		};
		FD8C8D4C2469097C004317BC /* Release */ = {
			isa = XCBuildConfiguration;
			baseConfigurationReference = C17B0A3A900AB59FB818A7FC /* Pods-WeiboDemo.release.xcconfig */;
			buildSettings = {
				ASSETCATALOG_COMPILER_APPICON_NAME = AppIcon;
				CLANG_ENABLE_MODULES = YES;
				CODE_SIGN_STYLE = Automatic;
				DEVELOPMENT_TEAM = Z2LP955RX5;
				INFOPLIST_FILE = WeiboDemo/Info.plist;
				LD_RUNPATH_SEARCH_PATHS = (
					"$(inherited)",
					"@executable_path/Frameworks",
				);
				PRODUCT_BUNDLE_IDENTIFIER = xin.leiguang.wbdemo;
				PRODUCT_NAME = "$(TARGET_NAME)";
				SWIFT_OBJC_BRIDGING_HEADER = "WeiboDemo/WeiboDemo-Bridging-Header.h";
				SWIFT_VERSION = 5.0;
				TARGETED_DEVICE_FAMILY = "1,2";
			};
			name = Release;
		};
		FD8C8D4E2469097C004317BC /* Debug */ = {
			isa = XCBuildConfiguration;
			baseConfigurationReference = D11520A01929A8F55E3FA47B /* Pods-WeiboDemoTests.debug.xcconfig */;
			buildSettings = {
				ALWAYS_EMBED_SWIFT_STANDARD_LIBRARIES = YES;
				BUNDLE_LOADER = "$(TEST_HOST)";
				CODE_SIGN_STYLE = Automatic;
				DEVELOPMENT_TEAM = Z2LP955RX5;
				INFOPLIST_FILE = WeiboDemoTests/Info.plist;
				IPHONEOS_DEPLOYMENT_TARGET = 13.4;
				LD_RUNPATH_SEARCH_PATHS = (
					"$(inherited)",
					"@executable_path/Frameworks",
					"@loader_path/Frameworks",
				);
				PRODUCT_BUNDLE_IDENTIFIER = Weibo.WeiboDemoTests;
				PRODUCT_NAME = "$(TARGET_NAME)";
				SWIFT_VERSION = 5.0;
				TARGETED_DEVICE_FAMILY = "1,2";
				TEST_HOST = "$(BUILT_PRODUCTS_DIR)/WeiboDemo.app/WeiboDemo";
			};
			name = Debug;
		};
		FD8C8D4F2469097C004317BC /* Release */ = {
			isa = XCBuildConfiguration;
			baseConfigurationReference = DF94BB1095CF65582030338F /* Pods-WeiboDemoTests.release.xcconfig */;
			buildSettings = {
				ALWAYS_EMBED_SWIFT_STANDARD_LIBRARIES = YES;
				BUNDLE_LOADER = "$(TEST_HOST)";
				CODE_SIGN_STYLE = Automatic;
				DEVELOPMENT_TEAM = Z2LP955RX5;
				INFOPLIST_FILE = WeiboDemoTests/Info.plist;
				IPHONEOS_DEPLOYMENT_TARGET = 13.4;
				LD_RUNPATH_SEARCH_PATHS = (
					"$(inherited)",
					"@executable_path/Frameworks",
					"@loader_path/Frameworks",
				);
				PRODUCT_BUNDLE_IDENTIFIER = Weibo.WeiboDemoTests;
				PRODUCT_NAME = "$(TARGET_NAME)";
				SWIFT_VERSION = 5.0;
				TARGETED_DEVICE_FAMILY = "1,2";
				TEST_HOST = "$(BUILT_PRODUCTS_DIR)/WeiboDemo.app/WeiboDemo";
			};
			name = Release;
		};
		FD8C8D512469097C004317BC /* Debug */ = {
			isa = XCBuildConfiguration;
			baseConfigurationReference = C5E4746D20C539F676C94AE8 /* Pods-WeiboDemo-WeiboDemoUITests.debug.xcconfig */;
			buildSettings = {
				ALWAYS_EMBED_SWIFT_STANDARD_LIBRARIES = YES;
				CODE_SIGN_STYLE = Automatic;
				DEVELOPMENT_TEAM = Z2LP955RX5;
				INFOPLIST_FILE = WeiboDemoUITests/Info.plist;
				LD_RUNPATH_SEARCH_PATHS = (
					"$(inherited)",
					"@executable_path/Frameworks",
					"@loader_path/Frameworks",
				);
				PRODUCT_BUNDLE_IDENTIFIER = Weibo.WeiboDemoUITests;
				PRODUCT_NAME = "$(TARGET_NAME)";
				SWIFT_VERSION = 5.0;
				TARGETED_DEVICE_FAMILY = "1,2";
				TEST_TARGET_NAME = WeiboDemo;
			};
			name = Debug;
		};
		FD8C8D522469097C004317BC /* Release */ = {
			isa = XCBuildConfiguration;
			baseConfigurationReference = F66F4DCFBE00011AB7332E27 /* Pods-WeiboDemo-WeiboDemoUITests.release.xcconfig */;
			buildSettings = {
				ALWAYS_EMBED_SWIFT_STANDARD_LIBRARIES = YES;
				CODE_SIGN_STYLE = Automatic;
				DEVELOPMENT_TEAM = Z2LP955RX5;
				INFOPLIST_FILE = WeiboDemoUITests/Info.plist;
				LD_RUNPATH_SEARCH_PATHS = (
					"$(inherited)",
					"@executable_path/Frameworks",
					"@loader_path/Frameworks",
				);
				PRODUCT_BUNDLE_IDENTIFIER = Weibo.WeiboDemoUITests;
				PRODUCT_NAME = "$(TARGET_NAME)";
				SWIFT_VERSION = 5.0;
				TARGETED_DEVICE_FAMILY = "1,2";
				TEST_TARGET_NAME = WeiboDemo;
			};
			name = Release;
		};
/* End XCBuildConfiguration section */

/* Begin XCConfigurationList section */
		FD8C8D1B24690975004317BC /* Build configuration list for PBXProject "WeiboDemo" */ = {
			isa = XCConfigurationList;
			buildConfigurations = (
				FD8C8D482469097C004317BC /* Debug */,
				FD8C8D492469097C004317BC /* Release */,
			);
			defaultConfigurationIsVisible = 0;
			defaultConfigurationName = Release;
		};
		FD8C8D4A2469097C004317BC /* Build configuration list for PBXNativeTarget "WeiboDemo" */ = {
			isa = XCConfigurationList;
			buildConfigurations = (
				FD8C8D4B2469097C004317BC /* Debug */,
				FD8C8D4C2469097C004317BC /* Release */,
			);
			defaultConfigurationIsVisible = 0;
			defaultConfigurationName = Release;
		};
		FD8C8D4D2469097C004317BC /* Build configuration list for PBXNativeTarget "WeiboDemoTests" */ = {
			isa = XCConfigurationList;
			buildConfigurations = (
				FD8C8D4E2469097C004317BC /* Debug */,
				FD8C8D4F2469097C004317BC /* Release */,
			);
			defaultConfigurationIsVisible = 0;
			defaultConfigurationName = Release;
		};
		FD8C8D502469097C004317BC /* Build configuration list for PBXNativeTarget "WeiboDemoUITests" */ = {
			isa = XCConfigurationList;
			buildConfigurations = (
				FD8C8D512469097C004317BC /* Debug */,
				FD8C8D522469097C004317BC /* Release */,
			);
			defaultConfigurationIsVisible = 0;
			defaultConfigurationName = Release;
		};
/* End XCConfigurationList section */
	};
	rootObject = FD8C8D1824690975004317BC /* Project object */;
}
